
Microsoft Visual Studio Solution File, Format Version 12.00
# Visual Studio Version 17
VisualStudioVersion = 17.5.33627.172
MinimumVisualStudioVersion = 10.0.40219.1
Project("{8BC9CEB8-8B4A-11D0-8D11-00A0C91BC942}") = "assimp", "assimp.vcxproj", "{CC2020E2-6F00-3870-A30C-8798D3D759BF}"
EndProject
Global
	GlobalSection(SolutionConfigurationPlatforms) = preSolution
		Debug|Win32 = Debug|Win32
		Debug|x64 = Debug|x64
		Debug|x86 = Debug|x86
		Release|Win32 = Release|Win32
		Release|x64 = Release|x64
		Release|x86 = Release|x86
		StaticDebug|Win32 = StaticDebug|Win32
		StaticDebug|x64 = StaticDebug|x64
		StaticDebug|x86 = StaticDebug|x86
		StaticRelease|Win32 = StaticRelease|Win32
		StaticRelease|x64 = StaticRelease|x64
		StaticRelease|x86 = StaticRelease|x86
	EndGlobalSection
	GlobalSection(ProjectConfigurationPlatforms) = postSolution
		{CC2020E2-6F00-3870-A30C-8798D3D759BF}.Debug|Win32.ActiveCfg = Debug|Win32
		{CC2020E2-6F00-3870-A30C-8798D3D759BF}.Debug|Win32.Build.0 = Debug|Win32
		{CC2020E2-6F00-3870-A30C-8798D3D759BF}.Debug|x64.ActiveCfg = Debug|x64
		{CC2020E2-6F00-3870-A30C-8798D3D759BF}.Debug|x64.Build.0 = Debug|x64
		{CC2020E2-6F00-3870-A30C-8798D3D759BF}.Debug|x86.ActiveCfg = Debug|Win32
		{CC2020E2-6F00-3870-A30C-8798D3D759BF}.Debug|x86.Build.0 = Debug|Win32
		{CC2020E2-6F00-3870-A30C-8798D3D759BF}.Release|Win32.ActiveCfg = Release|Win32
		{CC2020E2-6F00-3870-A30C-8798D3D759BF}.Release|Win32.Build.0 = Release|Win32
		{CC2020E2-6F00-3870-A30C-8798D3D759BF}.Release|x64.ActiveCfg = Release|x64
		{CC2020E2-6F00-3870-A30C-8798D3D759BF}.Release|x64.Build.0 = Release|x64
		{CC2020E2-6F00-3870-A30C-8798D3D759BF}.Release|x86.ActiveCfg = Release|Win32
		{CC2020E2-6F00-3870-A30C-8798D3D759BF}.Release|x86.Build.0 = Release|Win32
		{CC2020E2-6F00-3870-A30C-8798D3D759BF}.StaticDebug|Win32.ActiveCfg = StaticDebug|Win32
		{CC2020E2-6F00-3870-A30C-8798D3D759BF}.StaticDebug|Win32.Build.0 = StaticDebug|Win32
		{CC2020E2-6F00-3870-A30C-8798D3D759BF}.StaticDebug|x64.ActiveCfg = StaticDebug|x64
		{CC2020E2-6F00-3870-A30C-8798D3D759BF}.StaticDebug|x64.Build.0 = StaticDebug|x64
		{CC2020E2-6F00-3870-A30C-8798D3D759BF}.StaticDebug|x86.ActiveCfg = StaticDebug|Win32
		{CC2020E2-6F00-3870-A30C-8798D3D759BF}.StaticDebug|x86.Build.0 = StaticDebug|Win32
		{CC2020E2-6F00-3870-A30C-8798D3D759BF}.StaticRelease|Win32.ActiveCfg = StaticRelease|Win32
		{CC2020E2-6F00-3870-A30C-8798D3D759BF}.StaticRelease|Win32.Build.0 = StaticRelease|Win32
		{CC2020E2-6F00-3870-A30C-8798D3D759BF}.StaticRelease|x64.ActiveCfg = StaticRelease|x64
		{CC2020E2-6F00-3870-A30C-8798D3D759BF}.StaticRelease|x64.Build.0 = StaticRelease|x64
		{CC2020E2-6F00-3870-A30C-8798D3D759BF}.StaticRelease|x86.ActiveCfg = StaticRelease|Win32
		{CC2020E2-6F00-3870-A30C-8798D3D759BF}.StaticRelease|x86.Build.0 = StaticRelease|Win32
	EndGlobalSection
	GlobalSection(SolutionProperties) = preSolution
		HideSolutionNode = FALSE
	EndGlobalSection
	GlobalSection(ExtensibilityGlobals) = postSolution
		SolutionGuid = {46F8B4BB-1955-49FE-9216-AB263AA25AE2}
	EndGlobalSection
EndGlobal
